
Microsoft Visual Studio Solution File, Format Version 12.00
# Visual Studio Version 17
VisualStudioVersion = 17.8.34316.72
MinimumVisualStudioVersion = 10.0.40219.1
Project("{FAE04EC0-301F-11D3-BF4B-00C04F79EFBC}") = "CST350-Minesweeper", "CST350-Minesweeper.csproj", "{42508E40-61F2-4FD4-BEE5-4E17B6018EAB}"
EndProject
Global
	GlobalSection(SolutionConfigurationPlatforms) = preSolution
		Debug|Any CPU = Debug|Any CPU
		Release|Any CPU = Release|Any CPU
	EndGlobalSection
	GlobalSection(ProjectConfigurationPlatforms) = postSolution
		{42508E40-61F2-4FD4-BEE5-4E17B6018EAB}.Debug|Any CPU.ActiveCfg = Debug|Any CPU
		{42508E40-61F2-4FD4-BEE5-4E17B6018EAB}.Debug|Any CPU.Build.0 = Debug|Any CPU
		{42508E40-61F2-4FD4-BEE5-4E17B6018EAB}.Release|Any CPU.ActiveCfg = Release|Any CPU
		{42508E40-61F2-4FD4-BEE5-4E17B6018EAB}.Release|Any CPU.Build.0 = Release|Any CPU
	EndGlobalSection
	GlobalSection(SolutionProperties) = preSolution
		HideSolutionNode = FALSE
	EndGlobalSection
	GlobalSection(ExtensibilityGlobals) = postSolution
		SolutionGuid = {74AE285E-6435-4535-AE13-E03CDEB1F972}
	EndGlobalSection
EndGlobal
